{
  "version": 4,
  "terraform_version": "0.12.21",
  "serial": 36,
  "lineage": "0e4c0908-a832-0857-43ad-db9186cd26ae",
  "outputs": {},
  "resources": [
    {
      "mode": "managed",
      "type": "google_secret_manager_secret",
      "name": "domain-admin-password",
      "provider": "provider.google-beta",
      "instances": [
        {
          "schema_version": 0,
          "attributes": {
            "create_time": "2020-06-29T12:45:36.546169Z",
            "id": "projects/artful-wind-277808/secrets/domain-admin-password",
            "labels": null,
            "name": "projects/526283034233/secrets/domain-admin-password",
            "project": "artful-wind-277808",
            "replication": [
              {
                "automatic": false,
                "user_managed": [
                  {
                    "replicas": [
                      {
                        "location": "europe-west1"
                      },
                      {
                        "location": "europe-west4"
                      }
                    ]
                  }
                ]
              }
            ],
            "secret_id": "domain-admin-password",
            "timeouts": null
          },
          "private": "eyJlMmJmYjczMC1lY2FhLTExZTYtOGY4OC0zNDM2M2JjN2M0YzAiOnsiY3JlYXRlIjoyNDAwMDAwMDAwMDAsImRlbGV0ZSI6MjQwMDAwMDAwMDAwLCJ1cGRhdGUiOjI0MDAwMDAwMDAwMH19"
        }
      ]
    },
    {
      "mode": "managed",
      "type": "google_secret_manager_secret",
      "name": "domain-admin-username",
      "provider": "provider.google-beta",
      "instances": [
        {
          "schema_version": 0,
          "attributes": {
            "create_time": "2020-06-29T12:45:35.767591Z",
            "id": "projects/artful-wind-277808/secrets/domain-admin-username",
            "labels": null,
            "name": "projects/526283034233/secrets/domain-admin-username",
            "project": "artful-wind-277808",
            "replication": [
              {
                "automatic": false,
                "user_managed": [
                  {
                    "replicas": [
                      {
                        "location": "europe-west1"
                      },
                      {
                        "location": "europe-west4"
                      }
                    ]
                  }
                ]
              }
            ],
            "secret_id": "domain-admin-username",
            "timeouts": null
          },
          "private": "eyJlMmJmYjczMC1lY2FhLTExZTYtOGY4OC0zNDM2M2JjN2M0YzAiOnsiY3JlYXRlIjoyNDAwMDAwMDAwMDAsImRlbGV0ZSI6MjQwMDAwMDAwMDAwLCJ1cGRhdGUiOjI0MDAwMDAwMDAwMH19"
        }
      ]
    },
    {
      "mode": "managed",
      "type": "google_secret_manager_secret_version",
      "name": "domain-admin-password",
      "provider": "provider.google",
      "instances": [
        {
          "schema_version": 0,
          "attributes": {
            "create_time": "2020-06-29T12:45:37.260583Z",
            "destroy_time": "",
            "enabled": true,
            "id": "projects/526283034233/secrets/domain-admin-password/versions/1",
            "name": "projects/526283034233/secrets/domain-admin-password/versions/1",
            "secret": "projects/artful-wind-277808/secrets/domain-admin-password",
            "secret_data": "Sup3rS3cur3P@ssw0rd3",
            "timeouts": null
          },
          "private": "eyJlMmJmYjczMC1lY2FhLTExZTYtOGY4OC0zNDM2M2JjN2M0YzAiOnsiY3JlYXRlIjoyNDAwMDAwMDAwMDAsImRlbGV0ZSI6MjQwMDAwMDAwMDAwfX0=",
          "dependencies": [
            "google_secret_manager_secret.domain-admin-password"
          ]
        }
      ]
    },
    {
      "mode": "managed",
      "type": "google_secret_manager_secret_version",
      "name": "domain-admin-username",
      "provider": "provider.google",
      "instances": [
        {
          "schema_version": 0,
          "attributes": {
            "create_time": "2020-06-29T12:45:36.618408Z",
            "destroy_time": "",
            "enabled": true,
            "id": "projects/526283034233/secrets/domain-admin-username/versions/1",
            "name": "projects/526283034233/secrets/domain-admin-username/versions/1",
            "secret": "projects/artful-wind-277808/secrets/domain-admin-username",
            "secret_data": "kopiadmin",
            "timeouts": null
          },
          "private": "eyJlMmJmYjczMC1lY2FhLTExZTYtOGY4OC0zNDM2M2JjN2M0YzAiOnsiY3JlYXRlIjoyNDAwMDAwMDAwMDAsImRlbGV0ZSI6MjQwMDAwMDAwMDAwfX0=",
          "dependencies": [
            "google_secret_manager_secret.domain-admin-username"
          ]
        }
      ]
    }
  ]
}
